
Microsoft Visual Studio Solution File, Format Version 12.00
# Visual Studio 15
Project("{FAE04EC0-301F-11D3-BF4B-00C04F79EFBC}") = "Assembly-CSharp", "Assembly-CSharp.csproj", "{C33BDE0C-A034-FB6D-E117-CBCFEE96386D}"
EndProject
Project("{FAE04EC0-301F-11D3-BF4B-00C04F79EFBC}") = "Assembly-CSharp-Editor", "Assembly-CSharp-Editor.csproj", "{2622C958-2D2D-4F60-269B-0FA593A90436}"
EndProject
Global
	GlobalSection(SolutionConfigurationPlatforms) = preSolution
		Debug|Any CPU = Debug|Any CPU
		Release|Any CPU = Release|Any CPU
	EndGlobalSection
	GlobalSection(ProjectConfigurationPlatforms) = postSolution
		{C33BDE0C-A034-FB6D-E117-CBCFEE96386D}.Debug|Any CPU.ActiveCfg = Debug|Any CPU
		{C33BDE0C-A034-FB6D-E117-CBCFEE96386D}.Debug|Any CPU.Build.0 = Debug|Any CPU
		{C33BDE0C-A034-FB6D-E117-CBCFEE96386D}.Release|Any CPU.ActiveCfg = Release|Any CPU
		{C33BDE0C-A034-FB6D-E117-CBCFEE96386D}.Release|Any CPU.Build.0 = Release|Any CPU
		{2622C958-2D2D-4F60-269B-0FA593A90436}.Debug|Any CPU.ActiveCfg = Debug|Any CPU
		{2622C958-2D2D-4F60-269B-0FA593A90436}.Debug|Any CPU.Build.0 = Debug|Any CPU
		{2622C958-2D2D-4F60-269B-0FA593A90436}.Release|Any CPU.ActiveCfg = Release|Any CPU
		{2622C958-2D2D-4F60-269B-0FA593A90436}.Release|Any CPU.Build.0 = Release|Any CPU
	EndGlobalSection
	GlobalSection(SolutionProperties) = preSolution
		HideSolutionNode = FALSE
	EndGlobalSection
EndGlobal
